// !$*UTF8*$!
{
	archiveVersion = 1;
	classes = {
	};
	objectVersion = 50;
	objects = {

/* Begin PBXBuildFile section */
		5D4D683623DB4DA500F56AAD /* AppDelegate.swift in Sources */ = {isa = PBXBuildFile; fileRef = 5D4D683523DB4DA500F56AAD /* AppDelegate.swift */; };
		5D4D683823DB4DA500F56AAD /* SceneDelegate.swift in Sources */ = {isa = PBXBuildFile; fileRef = 5D4D683723DB4DA500F56AAD /* SceneDelegate.swift */; };
		5D4D683F23DB4DA700F56AAD /* Assets.xcassets in Resources */ = {isa = PBXBuildFile; fileRef = 5D4D683E23DB4DA700F56AAD /* Assets.xcassets */; };
		5D4D684223DB4DA700F56AAD /* LaunchScreen.storyboard in Resources */ = {isa = PBXBuildFile; fileRef = 5D4D684023DB4DA700F56AAD /* LaunchScreen.storyboard */; };
		5DC8A4DB23DB6452003DDD07 /* SearchViewController.swift in Sources */ = {isa = PBXBuildFile; fileRef = 5DC8A4DA23DB6452003DDD07 /* SearchViewController.swift */; };
		5DC8A4DD23DB6500003DDD07 /* FavoritesListViewController.swift in Sources */ = {isa = PBXBuildFile; fileRef = 5DC8A4DC23DB6500003DDD07 /* FavoritesListViewController.swift */; };
		5DC8A4DF23DB6C19003DDD07 /* GFButton.swift in Sources */ = {isa = PBXBuildFile; fileRef = 5DC8A4DE23DB6C19003DDD07 /* GFButton.swift */; };
		5DC8A4E123DB76B6003DDD07 /* GFTextField.swift in Sources */ = {isa = PBXBuildFile; fileRef = 5DC8A4E023DB76B6003DDD07 /* GFTextField.swift */; };
		5DC8A4E323DB80C3003DDD07 /* FollowerListViewController.swift in Sources */ = {isa = PBXBuildFile; fileRef = 5DC8A4E223DB80C3003DDD07 /* FollowerListViewController.swift */; };
		5DC8A4E523DF8120003DDD07 /* String+Extensions.swift in Sources */ = {isa = PBXBuildFile; fileRef = 5DC8A4E423DF8120003DDD07 /* String+Extensions.swift */; };
		5DC8A4E723DF837C003DDD07 /* GFTitleLabel.swift in Sources */ = {isa = PBXBuildFile; fileRef = 5DC8A4E623DF837C003DDD07 /* GFTitleLabel.swift */; };
		5DC8A4E923DF850D003DDD07 /* GFBodyLabel.swift in Sources */ = {isa = PBXBuildFile; fileRef = 5DC8A4E823DF850D003DDD07 /* GFBodyLabel.swift */; };
		5DC8A4EB23DF85CA003DDD07 /* GFAlertViewController.swift in Sources */ = {isa = PBXBuildFile; fileRef = 5DC8A4EA23DF85CA003DDD07 /* GFAlertViewController.swift */; };
		5DC8A4ED23DF8CEC003DDD07 /* UIViewController+Extensions.swift in Sources */ = {isa = PBXBuildFile; fileRef = 5DC8A4EC23DF8CEC003DDD07 /* UIViewController+Extensions.swift */; };
		5DC8A4F323E2146F003DDD07 /* Follower.swift in Sources */ = {isa = PBXBuildFile; fileRef = 5DC8A4F223E2146F003DDD07 /* Follower.swift */; };
		5DC8A4F523E21526003DDD07 /* User.swift in Sources */ = {isa = PBXBuildFile; fileRef = 5DC8A4F423E21526003DDD07 /* User.swift */; };
/* End PBXBuildFile section */

/* Begin PBXFileReference section */
		5D4D683223DB4DA500F56AAD /* GHFollowersSACourse.app */ = {isa = PBXFileReference; explicitFileType = wrapper.application; includeInIndex = 0; path = GHFollowersSACourse.app; sourceTree = BUILT_PRODUCTS_DIR; };
		5D4D683523DB4DA500F56AAD /* AppDelegate.swift */ = {isa = PBXFileReference; lastKnownFileType = sourcecode.swift; path = AppDelegate.swift; sourceTree = "<group>"; };
		5D4D683723DB4DA500F56AAD /* SceneDelegate.swift */ = {isa = PBXFileReference; lastKnownFileType = sourcecode.swift; path = SceneDelegate.swift; sourceTree = "<group>"; };
		5D4D683E23DB4DA700F56AAD /* Assets.xcassets */ = {isa = PBXFileReference; lastKnownFileType = folder.assetcatalog; path = Assets.xcassets; sourceTree = "<group>"; };
		5D4D684123DB4DA700F56AAD /* Base */ = {isa = PBXFileReference; lastKnownFileType = file.storyboard; name = Base; path = Base.lproj/LaunchScreen.storyboard; sourceTree = "<group>"; };
		5D4D684323DB4DA700F56AAD /* Info.plist */ = {isa = PBXFileReference; lastKnownFileType = text.plist.xml; path = Info.plist; sourceTree = "<group>"; };
		5DC8A4DA23DB6452003DDD07 /* SearchViewController.swift */ = {isa = PBXFileReference; lastKnownFileType = sourcecode.swift; path = SearchViewController.swift; sourceTree = "<group>"; };
		5DC8A4DC23DB6500003DDD07 /* FavoritesListViewController.swift */ = {isa = PBXFileReference; lastKnownFileType = sourcecode.swift; path = FavoritesListViewController.swift; sourceTree = "<group>"; };
		5DC8A4DE23DB6C19003DDD07 /* GFButton.swift */ = {isa = PBXFileReference; lastKnownFileType = sourcecode.swift; path = GFButton.swift; sourceTree = "<group>"; };
		5DC8A4E023DB76B6003DDD07 /* GFTextField.swift */ = {isa = PBXFileReference; lastKnownFileType = sourcecode.swift; path = GFTextField.swift; sourceTree = "<group>"; };
		5DC8A4E223DB80C3003DDD07 /* FollowerListViewController.swift */ = {isa = PBXFileReference; lastKnownFileType = sourcecode.swift; path = FollowerListViewController.swift; sourceTree = "<group>"; };
		5DC8A4E423DF8120003DDD07 /* String+Extensions.swift */ = {isa = PBXFileReference; lastKnownFileType = sourcecode.swift; path = "String+Extensions.swift"; sourceTree = "<group>"; };
		5DC8A4E623DF837C003DDD07 /* GFTitleLabel.swift */ = {isa = PBXFileReference; lastKnownFileType = sourcecode.swift; path = GFTitleLabel.swift; sourceTree = "<group>"; };
		5DC8A4E823DF850D003DDD07 /* GFBodyLabel.swift */ = {isa = PBXFileReference; lastKnownFileType = sourcecode.swift; path = GFBodyLabel.swift; sourceTree = "<group>"; };
		5DC8A4EA23DF85CA003DDD07 /* GFAlertViewController.swift */ = {isa = PBXFileReference; lastKnownFileType = sourcecode.swift; path = GFAlertViewController.swift; sourceTree = "<group>"; };
		5DC8A4EC23DF8CEC003DDD07 /* UIViewController+Extensions.swift */ = {isa = PBXFileReference; lastKnownFileType = sourcecode.swift; path = "UIViewController+Extensions.swift"; sourceTree = "<group>"; };
		5DC8A4F223E2146F003DDD07 /* Follower.swift */ = {isa = PBXFileReference; lastKnownFileType = sourcecode.swift; path = Follower.swift; sourceTree = "<group>"; };
		5DC8A4F423E21526003DDD07 /* User.swift */ = {isa = PBXFileReference; lastKnownFileType = sourcecode.swift; path = User.swift; sourceTree = "<group>"; };
/* End PBXFileReference section */

/* Begin PBXFrameworksBuildPhase section */
		5D4D682F23DB4DA500F56AAD /* Frameworks */ = {
			isa = PBXFrameworksBuildPhase;
			buildActionMask = 2147483647;
			files = (
			);
			runOnlyForDeploymentPostprocessing = 0;
		};
/* End PBXFrameworksBuildPhase section */

/* Begin PBXGroup section */
		5D4D682923DB4DA500F56AAD = {
			isa = PBXGroup;
			children = (
				5D4D683423DB4DA500F56AAD /* GHFollowersSACourse */,
				5D4D683323DB4DA500F56AAD /* Products */,
			);
			sourceTree = "<group>";
		};
		5D4D683323DB4DA500F56AAD /* Products */ = {
			isa = PBXGroup;
			children = (
				5D4D683223DB4DA500F56AAD /* GHFollowersSACourse.app */,
			);
			name = Products;
			sourceTree = "<group>";
		};
		5D4D683423DB4DA500F56AAD /* GHFollowersSACourse */ = {
			isa = PBXGroup;
			children = (
				5DC8A4F123E21458003DDD07 /* Models */,
				5DC8A4F023DF90A5003DDD07 /* Extensions */,
				5DC8A4EF23DF907A003DDD07 /* Views */,
				5DC8A4EE23DF9027003DDD07 /* Controllers */,
				5D4D683523DB4DA500F56AAD /* AppDelegate.swift */,
				5D4D683723DB4DA500F56AAD /* SceneDelegate.swift */,
				5D4D683E23DB4DA700F56AAD /* Assets.xcassets */,
				5D4D684023DB4DA700F56AAD /* LaunchScreen.storyboard */,
				5D4D684323DB4DA700F56AAD /* Info.plist */,
			);
			path = GHFollowersSACourse;
			sourceTree = "<group>";
		};
		5DC8A4EE23DF9027003DDD07 /* Controllers */ = {
			isa = PBXGroup;
			children = (
				5DC8A4DA23DB6452003DDD07 /* SearchViewController.swift */,
				5DC8A4E223DB80C3003DDD07 /* FollowerListViewController.swift */,
				5DC8A4DC23DB6500003DDD07 /* FavoritesListViewController.swift */,
			);
			path = Controllers;
			sourceTree = "<group>";
		};
		5DC8A4EF23DF907A003DDD07 /* Views */ = {
			isa = PBXGroup;
			children = (
				5DC8A4EA23DF85CA003DDD07 /* GFAlertViewController.swift */,
				5DC8A4E623DF837C003DDD07 /* GFTitleLabel.swift */,
				5DC8A4E023DB76B6003DDD07 /* GFTextField.swift */,
				5DC8A4DE23DB6C19003DDD07 /* GFButton.swift */,
				5DC8A4E823DF850D003DDD07 /* GFBodyLabel.swift */,
			);
			path = Views;
			sourceTree = "<group>";
		};
		5DC8A4F023DF90A5003DDD07 /* Extensions */ = {
			isa = PBXGroup;
			children = (
				5DC8A4EC23DF8CEC003DDD07 /* UIViewController+Extensions.swift */,
				5DC8A4E423DF8120003DDD07 /* String+Extensions.swift */,
			);
			path = Extensions;
			sourceTree = "<group>";
		};
		5DC8A4F123E21458003DDD07 /* Models */ = {
			isa = PBXGroup;
			children = (
				5DC8A4F223E2146F003DDD07 /* Follower.swift */,
				5DC8A4F423E21526003DDD07 /* User.swift */,
			);
			path = Models;
			sourceTree = "<group>";
		};
/* End PBXGroup section */

/* Begin PBXNativeTarget section */
		5D4D683123DB4DA500F56AAD /* GHFollowersSACourse */ = {
			isa = PBXNativeTarget;
			buildConfigurationList = 5D4D684623DB4DA700F56AAD /* Build configuration list for PBXNativeTarget "GHFollowersSACourse" */;
			buildPhases = (
				5D4D682E23DB4DA500F56AAD /* Sources */,
				5D4D682F23DB4DA500F56AAD /* Frameworks */,
				5D4D683023DB4DA500F56AAD /* Resources */,
			);
			buildRules = (
			);
			dependencies = (
			);
			name = GHFollowersSACourse;
			productName = GHFollowersSACourse;
			productReference = 5D4D683223DB4DA500F56AAD /* GHFollowersSACourse.app */;
			productType = "com.apple.product-type.application";
		};
/* End PBXNativeTarget section */

/* Begin PBXProject section */
		5D4D682A23DB4DA500F56AAD /* Project object */ = {
			isa = PBXProject;
			attributes = {
				LastSwiftUpdateCheck = 1130;
				LastUpgradeCheck = 1130;
				ORGANIZATIONNAME = iJACD;
				TargetAttributes = {
					5D4D683123DB4DA500F56AAD = {
						CreatedOnToolsVersion = 11.3.1;
					};
				};
			};
			buildConfigurationList = 5D4D682D23DB4DA500F56AAD /* Build configuration list for PBXProject "GHFollowersSACourse" */;
			compatibilityVersion = "Xcode 9.3";
			developmentRegion = en;
			hasScannedForEncodings = 0;
			knownRegions = (
				en,
				Base,
			);
			mainGroup = 5D4D682923DB4DA500F56AAD;
			productRefGroup = 5D4D683323DB4DA500F56AAD /* Products */;
			projectDirPath = "";
			projectRoot = "";
			targets = (
				5D4D683123DB4DA500F56AAD /* GHFollowersSACourse */,
			);
		};
/* End PBXProject section */

/* Begin PBXResourcesBuildPhase section */
		5D4D683023DB4DA500F56AAD /* Resources */ = {
			isa = PBXResourcesBuildPhase;
			buildActionMask = 2147483647;
			files = (
				5D4D684223DB4DA700F56AAD /* LaunchScreen.storyboard in Resources */,
				5D4D683F23DB4DA700F56AAD /* Assets.xcassets in Resources */,
			);
			runOnlyForDeploymentPostprocessing = 0;
		};
/* End PBXResourcesBuildPhase section */

/* Begin PBXSourcesBuildPhase section */
		5D4D682E23DB4DA500F56AAD /* Sources */ = {
			isa = PBXSourcesBuildPhase;
			buildActionMask = 2147483647;
			files = (
				5DC8A4E123DB76B6003DDD07 /* GFTextField.swift in Sources */,
				5DC8A4DB23DB6452003DDD07 /* SearchViewController.swift in Sources */,
				5DC8A4DF23DB6C19003DDD07 /* GFButton.swift in Sources */,
				5DC8A4E323DB80C3003DDD07 /* FollowerListViewController.swift in Sources */,
				5DC8A4ED23DF8CEC003DDD07 /* UIViewController+Extensions.swift in Sources */,
				5DC8A4E523DF8120003DDD07 /* String+Extensions.swift in Sources */,
				5DC8A4F523E21526003DDD07 /* User.swift in Sources */,
				5DC8A4EB23DF85CA003DDD07 /* GFAlertViewController.swift in Sources */,
				5DC8A4F323E2146F003DDD07 /* Follower.swift in Sources */,
				5D4D683623DB4DA500F56AAD /* AppDelegate.swift in Sources */,
				5DC8A4E723DF837C003DDD07 /* GFTitleLabel.swift in Sources */,
				5DC8A4DD23DB6500003DDD07 /* FavoritesListViewController.swift in Sources */,
				5D4D683823DB4DA500F56AAD /* SceneDelegate.swift in Sources */,
				5DC8A4E923DF850D003DDD07 /* GFBodyLabel.swift in Sources */,
			);
			runOnlyForDeploymentPostprocessing = 0;
		};
/* End PBXSourcesBuildPhase section */

/* Begin PBXVariantGroup section */
		5D4D684023DB4DA700F56AAD /* LaunchScreen.storyboard */ = {
			isa = PBXVariantGroup;
			children = (
				5D4D684123DB4DA700F56AAD /* Base */,
			);
			name = LaunchScreen.storyboard;
			sourceTree = "<group>";
		};
/* End PBXVariantGroup section */

/* Begin XCBuildConfiguration section */
		5D4D684423DB4DA700F56AAD /* Debug */ = {
			isa = XCBuildConfiguration;
			buildSettings = {
				ALWAYS_SEARCH_USER_PATHS = NO;
				CLANG_ANALYZER_NONNULL = YES;
				CLANG_ANALYZER_NUMBER_OBJECT_CONVERSION = YES_AGGRESSIVE;
				CLANG_CXX_LANGUAGE_STANDARD = "gnu++14";
				CLANG_CXX_LIBRARY = "libc++";
				CLANG_ENABLE_MODULES = YES;
				CLANG_ENABLE_OBJC_ARC = YES;
				CLANG_ENABLE_OBJC_WEAK = YES;
				CLANG_WARN_BLOCK_CAPTURE_AUTORELEASING = YES;
				CLANG_WARN_BOOL_CONVERSION = YES;
				CLANG_WARN_COMMA = YES;
				CLANG_WARN_CONSTANT_CONVERSION = YES;
				CLANG_WARN_DEPRECATED_OBJC_IMPLEMENTATIONS = YES;
				CLANG_WARN_DIRECT_OBJC_ISA_USAGE = YES_ERROR;
				CLANG_WARN_DOCUMENTATION_COMMENTS = YES;
				CLANG_WARN_EMPTY_BODY = YES;
				CLANG_WARN_ENUM_CONVERSION = YES;
				CLANG_WARN_INFINITE_RECURSION = YES;
				CLANG_WARN_INT_CONVERSION = YES;
				CLANG_WARN_NON_LITERAL_NULL_CONVERSION = YES;
				CLANG_WARN_OBJC_IMPLICIT_RETAIN_SELF = YES;
				CLANG_WARN_OBJC_LITERAL_CONVERSION = YES;
				CLANG_WARN_OBJC_ROOT_CLASS = YES_ERROR;
				CLANG_WARN_RANGE_LOOP_ANALYSIS = YES;
				CLANG_WARN_STRICT_PROTOTYPES = YES;
				CLANG_WARN_SUSPICIOUS_MOVE = YES;
				CLANG_WARN_UNGUARDED_AVAILABILITY = YES_AGGRESSIVE;
				CLANG_WARN_UNREACHABLE_CODE = YES;
				CLANG_WARN__DUPLICATE_METHOD_MATCH = YES;
				COPY_PHASE_STRIP = NO;
				DEBUG_INFORMATION_FORMAT = dwarf;
				ENABLE_STRICT_OBJC_MSGSEND = YES;
				ENABLE_TESTABILITY = YES;
				GCC_C_LANGUAGE_STANDARD = gnu11;
				GCC_DYNAMIC_NO_PIC = NO;
				GCC_NO_COMMON_BLOCKS = YES;
				GCC_OPTIMIZATION_LEVEL = 0;
				GCC_PREPROCESSOR_DEFINITIONS = (
					"DEBUG=1",
					"$(inherited)",
				);
				GCC_WARN_64_TO_32_BIT_CONVERSION = YES;
				GCC_WARN_ABOUT_RETURN_TYPE = YES_ERROR;
				GCC_WARN_UNDECLARED_SELECTOR = YES;
				GCC_WARN_UNINITIALIZED_AUTOS = YES_AGGRESSIVE;
				GCC_WARN_UNUSED_FUNCTION = YES;
				GCC_WARN_UNUSED_VARIABLE = YES;
				IPHONEOS_DEPLOYMENT_TARGET = 13.2;
				MTL_ENABLE_DEBUG_INFO = INCLUDE_SOURCE;
				MTL_FAST_MATH = YES;
				ONLY_ACTIVE_ARCH = YES;
				SDKROOT = iphoneos;
				SWIFT_ACTIVE_COMPILATION_CONDITIONS = DEBUG;
				SWIFT_OPTIMIZATION_LEVEL = "-Onone";
			};
			name = Debug;
		};
		5D4D684523DB4DA700F56AAD /* Release */ = {
			isa = XCBuildConfiguration;
			buildSettings = {
				ALWAYS_SEARCH_USER_PATHS = NO;
				CLANG_ANALYZER_NONNULL = YES;
				CLANG_ANALYZER_NUMBER_OBJECT_CONVERSION = YES_AGGRESSIVE;
				CLANG_CXX_LANGUAGE_STANDARD = "gnu++14";
				CLANG_CXX_LIBRARY = "libc++";
				CLANG_ENABLE_MODULES = YES;
				CLANG_ENABLE_OBJC_ARC = YES;
				CLANG_ENABLE_OBJC_WEAK = YES;
				CLANG_WARN_BLOCK_CAPTURE_AUTORELEASING = YES;
				CLANG_WARN_BOOL_CONVERSION = YES;
				CLANG_WARN_COMMA = YES;
				CLANG_WARN_CONSTANT_CONVERSION = YES;
				CLANG_WARN_DEPRECATED_OBJC_IMPLEMENTATIONS = YES;
				CLANG_WARN_DIRECT_OBJC_ISA_USAGE = YES_ERROR;
				CLANG_WARN_DOCUMENTATION_COMMENTS = YES;
				CLANG_WARN_EMPTY_BODY = YES;
				CLANG_WARN_ENUM_CONVERSION = YES;
				CLANG_WARN_INFINITE_RECURSION = YES;
				CLANG_WARN_INT_CONVERSION = YES;
				CLANG_WARN_NON_LITERAL_NULL_CONVERSION = YES;
				CLANG_WARN_OBJC_IMPLICIT_RETAIN_SELF = YES;
				CLANG_WARN_OBJC_LITERAL_CONVERSION = YES;
				CLANG_WARN_OBJC_ROOT_CLASS = YES_ERROR;
				CLANG_WARN_RANGE_LOOP_ANALYSIS = YES;
				CLANG_WARN_STRICT_PROTOTYPES = YES;
				CLANG_WARN_SUSPICIOUS_MOVE = YES;
				CLANG_WARN_UNGUARDED_AVAILABILITY = YES_AGGRESSIVE;
				CLANG_WARN_UNREACHABLE_CODE = YES;
				CLANG_WARN__DUPLICATE_METHOD_MATCH = YES;
				COPY_PHASE_STRIP = NO;
				DEBUG_INFORMATION_FORMAT = "dwarf-with-dsym";
				ENABLE_NS_ASSERTIONS = NO;
				ENABLE_STRICT_OBJC_MSGSEND = YES;
				GCC_C_LANGUAGE_STANDARD = gnu11;
				GCC_NO_COMMON_BLOCKS = YES;
				GCC_WARN_64_TO_32_BIT_CONVERSION = YES;
				GCC_WARN_ABOUT_RETURN_TYPE = YES_ERROR;
				GCC_WARN_UNDECLARED_SELECTOR = YES;
				GCC_WARN_UNINITIALIZED_AUTOS = YES_AGGRESSIVE;
				GCC_WARN_UNUSED_FUNCTION = YES;
				GCC_WARN_UNUSED_VARIABLE = YES;
				IPHONEOS_DEPLOYMENT_TARGET = 13.2;
				MTL_ENABLE_DEBUG_INFO = NO;
				MTL_FAST_MATH = YES;
				SDKROOT = iphoneos;
				SWIFT_COMPILATION_MODE = wholemodule;
				SWIFT_OPTIMIZATION_LEVEL = "-O";
				VALIDATE_PRODUCT = YES;
			};
			name = Release;
		};
		5D4D684723DB4DA700F56AAD /* Debug */ = {
			isa = XCBuildConfiguration;
			buildSettings = {
				ASSETCATALOG_COMPILER_APPICON_NAME = AppIcon;
				CODE_SIGN_STYLE = Automatic;
				DEVELOPMENT_TEAM = QBDCFBKQTJ;
				INFOPLIST_FILE = GHFollowersSACourse/Info.plist;
				LD_RUNPATH_SEARCH_PATHS = (
					"$(inherited)",
					"@executable_path/Frameworks",
				);
				PRODUCT_BUNDLE_IDENTIFIER = com.iJACD.GHFollowersSACourse;
				PRODUCT_NAME = "$(TARGET_NAME)";
				SWIFT_VERSION = 5.0;
				TARGETED_DEVICE_FAMILY = 1;
			};
			name = Debug;
		};
		5D4D684823DB4DA700F56AAD /* Release */ = {
			isa = XCBuildConfiguration;
			buildSettings = {
				ASSETCATALOG_COMPILER_APPICON_NAME = AppIcon;
				CODE_SIGN_STYLE = Automatic;
				DEVELOPMENT_TEAM = QBDCFBKQTJ;
				INFOPLIST_FILE = GHFollowersSACourse/Info.plist;
				LD_RUNPATH_SEARCH_PATHS = (
					"$(inherited)",
					"@executable_path/Frameworks",
				);
				PRODUCT_BUNDLE_IDENTIFIER = com.iJACD.GHFollowersSACourse;
				PRODUCT_NAME = "$(TARGET_NAME)";
				SWIFT_VERSION = 5.0;
				TARGETED_DEVICE_FAMILY = 1;
			};
			name = Release;
		};
/* End XCBuildConfiguration section */

/* Begin XCConfigurationList section */
		5D4D682D23DB4DA500F56AAD /* Build configuration list for PBXProject "GHFollowersSACourse" */ = {
			isa = XCConfigurationList;
			buildConfigurations = (
				5D4D684423DB4DA700F56AAD /* Debug */,
				5D4D684523DB4DA700F56AAD /* Release */,
			);
			defaultConfigurationIsVisible = 0;
			defaultConfigurationName = Release;
		};
		5D4D684623DB4DA700F56AAD /* Build configuration list for PBXNativeTarget "GHFollowersSACourse" */ = {
			isa = XCConfigurationList;
			buildConfigurations = (
				5D4D684723DB4DA700F56AAD /* Debug */,
				5D4D684823DB4DA700F56AAD /* Release */,
			);
			defaultConfigurationIsVisible = 0;
			defaultConfigurationName = Release;
		};
/* End XCConfigurationList section */
	};
	rootObject = 5D4D682A23DB4DA500F56AAD /* Project object */;
}
